
Microsoft Visual Studio Solution File, Format Version 12.00
# Visual Studio Version 17
VisualStudioVersion = 17.7.34221.43
MinimumVisualStudioVersion = 10.0.40219.1
Project("{9A19103F-16F7-4668-BE54-9A1E7A4F7556}") = "HomeWork1", "HomeWorks\HomeWork1\HomeWork1.csproj", "{07AA9999-F043-4F46-B6B6-515C9C62F002}"
EndProject
Project("{9A19103F-16F7-4668-BE54-9A1E7A4F7556}") = "HomeWork2", "HomeWorks\HomeWork2\HomeWork2.csproj", "{59B4122C-B6BA-43BC-B38A-7FCF7089FF64}"
EndProject
Project("{9A19103F-16F7-4668-BE54-9A1E7A4F7556}") = "HomeWork3", "HomeWorks\HomeWork3\HomeWork3.csproj", "{AB4CB9BC-7C46-46D4-B8D5-C0C68343F7AE}"
EndProject
Project("{9A19103F-16F7-4668-BE54-9A1E7A4F7556}") = "HomeWork3_Extra", "HomeWorks\HomeWork3_Extra\HomeWork3_Extra.csproj", "{FBDE32DE-F101-47D8-A54D-ECEEB2FF7631}"
EndProject
Project("{9A19103F-16F7-4668-BE54-9A1E7A4F7556}") = "HomeWork4", "HomeWorks\HomeWork4\HomeWork4.csproj", "{0165AE9A-689A-4597-8D2D-862759F356EA}"
EndProject
Project("{9A19103F-16F7-4668-BE54-9A1E7A4F7556}") = "FireStation", "FireStation\FireStation.csproj", "{42013CC8-BD4C-4845-AA04-D5CE677B7603}"
EndProject
Project("{9A19103F-16F7-4668-BE54-9A1E7A4F7556}") = "Reflection", "Reflection\Reflection.csproj", "{73D4BB44-A0C4-4EED-856E-97014EFDC4B2}"
EndProject
Project("{9A19103F-16F7-4668-BE54-9A1E7A4F7556}") = "Repository", "Repository\Repository.csproj", "{C920B16F-ECB0-4307-8E07-E8C65D3D8A45}"
EndProject
Project("{2150E333-8FDC-42A3-9474-1A3956D46DE8}") = "Lessons", "Lessons", "{ED1D3704-AC92-409C-B755-1F66830D3840}"
EndProject
Project("{2150E333-8FDC-42A3-9474-1A3956D46DE8}") = "13_Repository_MVP", "13_Repository_MVP", "{AC728F64-3275-4675-9FCB-3FBCADCEF326}"
EndProject
Project("{9A19103F-16F7-4668-BE54-9A1E7A4F7556}") = "ViewWPF", "Lessons\13_Repository_MVP\ViewWPF\ViewWPF.csproj", "{1D52F11A-55C5-4A03-AC97-708295DFF1CE}"
EndProject
Project("{2150E333-8FDC-42A3-9474-1A3956D46DE8}") = "HomeWorks", "HomeWorks", "{4AD283FE-B7BE-44EB-B636-E0A9C06FDBEC}"
EndProject
Project("{9A19103F-16F7-4668-BE54-9A1E7A4F7556}") = "Model", "Lessons\13_Repository_MVP\Model\Model.csproj", "{E2BFBCD3-3001-457B-A541-EDDA92107DDA}"
EndProject
Project("{9A19103F-16F7-4668-BE54-9A1E7A4F7556}") = "Presenter", "Lessons\13_Repository_MVP\Presenter\Presenter.csproj", "{94D69624-3861-4860-AA66-DE4F6076E8E2}"
EndProject
Project("{FAE04EC0-301F-11D3-BF4B-00C04F79EFBC}") = "ViewWinForm", "Lessons\13_Repository_MVP\ViewWinForm\ViewWinForm.csproj", "{9B5FF1B2-0B09-4B46-8232-ED76D474D575}"
EndProject
Global
	GlobalSection(SolutionConfigurationPlatforms) = preSolution
		Debug|Any CPU = Debug|Any CPU
		Release|Any CPU = Release|Any CPU
	EndGlobalSection
	GlobalSection(ProjectConfigurationPlatforms) = postSolution
		{07AA9999-F043-4F46-B6B6-515C9C62F002}.Debug|Any CPU.ActiveCfg = Debug|Any CPU
		{07AA9999-F043-4F46-B6B6-515C9C62F002}.Release|Any CPU.ActiveCfg = Release|Any CPU
		{07AA9999-F043-4F46-B6B6-515C9C62F002}.Release|Any CPU.Build.0 = Release|Any CPU
		{59B4122C-B6BA-43BC-B38A-7FCF7089FF64}.Debug|Any CPU.ActiveCfg = Debug|Any CPU
		{59B4122C-B6BA-43BC-B38A-7FCF7089FF64}.Release|Any CPU.ActiveCfg = Release|Any CPU
		{59B4122C-B6BA-43BC-B38A-7FCF7089FF64}.Release|Any CPU.Build.0 = Release|Any CPU
		{AB4CB9BC-7C46-46D4-B8D5-C0C68343F7AE}.Debug|Any CPU.ActiveCfg = Debug|Any CPU
		{AB4CB9BC-7C46-46D4-B8D5-C0C68343F7AE}.Debug|Any CPU.Build.0 = Debug|Any CPU
		{AB4CB9BC-7C46-46D4-B8D5-C0C68343F7AE}.Release|Any CPU.ActiveCfg = Release|Any CPU
		{AB4CB9BC-7C46-46D4-B8D5-C0C68343F7AE}.Release|Any CPU.Build.0 = Release|Any CPU
		{FBDE32DE-F101-47D8-A54D-ECEEB2FF7631}.Debug|Any CPU.ActiveCfg = Debug|Any CPU
		{FBDE32DE-F101-47D8-A54D-ECEEB2FF7631}.Release|Any CPU.ActiveCfg = Release|Any CPU
		{FBDE32DE-F101-47D8-A54D-ECEEB2FF7631}.Release|Any CPU.Build.0 = Release|Any CPU
		{0165AE9A-689A-4597-8D2D-862759F356EA}.Debug|Any CPU.ActiveCfg = Debug|Any CPU
		{0165AE9A-689A-4597-8D2D-862759F356EA}.Debug|Any CPU.Build.0 = Debug|Any CPU
		{0165AE9A-689A-4597-8D2D-862759F356EA}.Release|Any CPU.ActiveCfg = Release|Any CPU
		{0165AE9A-689A-4597-8D2D-862759F356EA}.Release|Any CPU.Build.0 = Release|Any CPU
		{42013CC8-BD4C-4845-AA04-D5CE677B7603}.Debug|Any CPU.ActiveCfg = Debug|Any CPU
		{42013CC8-BD4C-4845-AA04-D5CE677B7603}.Debug|Any CPU.Build.0 = Debug|Any CPU
		{42013CC8-BD4C-4845-AA04-D5CE677B7603}.Release|Any CPU.ActiveCfg = Release|Any CPU
		{42013CC8-BD4C-4845-AA04-D5CE677B7603}.Release|Any CPU.Build.0 = Release|Any CPU
		{73D4BB44-A0C4-4EED-856E-97014EFDC4B2}.Debug|Any CPU.ActiveCfg = Debug|Any CPU
		{73D4BB44-A0C4-4EED-856E-97014EFDC4B2}.Debug|Any CPU.Build.0 = Debug|Any CPU
		{73D4BB44-A0C4-4EED-856E-97014EFDC4B2}.Release|Any CPU.ActiveCfg = Release|Any CPU
		{73D4BB44-A0C4-4EED-856E-97014EFDC4B2}.Release|Any CPU.Build.0 = Release|Any CPU
		{C920B16F-ECB0-4307-8E07-E8C65D3D8A45}.Debug|Any CPU.ActiveCfg = Debug|Any CPU
		{C920B16F-ECB0-4307-8E07-E8C65D3D8A45}.Debug|Any CPU.Build.0 = Debug|Any CPU
		{C920B16F-ECB0-4307-8E07-E8C65D3D8A45}.Release|Any CPU.ActiveCfg = Release|Any CPU
		{C920B16F-ECB0-4307-8E07-E8C65D3D8A45}.Release|Any CPU.Build.0 = Release|Any CPU
		{1D52F11A-55C5-4A03-AC97-708295DFF1CE}.Debug|Any CPU.ActiveCfg = Debug|Any CPU
		{1D52F11A-55C5-4A03-AC97-708295DFF1CE}.Debug|Any CPU.Build.0 = Debug|Any CPU
		{1D52F11A-55C5-4A03-AC97-708295DFF1CE}.Release|Any CPU.ActiveCfg = Release|Any CPU
		{1D52F11A-55C5-4A03-AC97-708295DFF1CE}.Release|Any CPU.Build.0 = Release|Any CPU
		{E2BFBCD3-3001-457B-A541-EDDA92107DDA}.Debug|Any CPU.ActiveCfg = Debug|Any CPU
		{E2BFBCD3-3001-457B-A541-EDDA92107DDA}.Debug|Any CPU.Build.0 = Debug|Any CPU
		{E2BFBCD3-3001-457B-A541-EDDA92107DDA}.Release|Any CPU.ActiveCfg = Release|Any CPU
		{E2BFBCD3-3001-457B-A541-EDDA92107DDA}.Release|Any CPU.Build.0 = Release|Any CPU
		{94D69624-3861-4860-AA66-DE4F6076E8E2}.Debug|Any CPU.ActiveCfg = Debug|Any CPU
		{94D69624-3861-4860-AA66-DE4F6076E8E2}.Debug|Any CPU.Build.0 = Debug|Any CPU
		{94D69624-3861-4860-AA66-DE4F6076E8E2}.Release|Any CPU.ActiveCfg = Release|Any CPU
		{94D69624-3861-4860-AA66-DE4F6076E8E2}.Release|Any CPU.Build.0 = Release|Any CPU
		{9B5FF1B2-0B09-4B46-8232-ED76D474D575}.Debug|Any CPU.ActiveCfg = Debug|Any CPU
		{9B5FF1B2-0B09-4B46-8232-ED76D474D575}.Debug|Any CPU.Build.0 = Debug|Any CPU
		{9B5FF1B2-0B09-4B46-8232-ED76D474D575}.Release|Any CPU.ActiveCfg = Release|Any CPU
		{9B5FF1B2-0B09-4B46-8232-ED76D474D575}.Release|Any CPU.Build.0 = Release|Any CPU
	EndGlobalSection
	GlobalSection(SolutionProperties) = preSolution
		HideSolutionNode = FALSE
	EndGlobalSection
	GlobalSection(NestedProjects) = preSolution
		{07AA9999-F043-4F46-B6B6-515C9C62F002} = {4AD283FE-B7BE-44EB-B636-E0A9C06FDBEC}
		{59B4122C-B6BA-43BC-B38A-7FCF7089FF64} = {4AD283FE-B7BE-44EB-B636-E0A9C06FDBEC}
		{AB4CB9BC-7C46-46D4-B8D5-C0C68343F7AE} = {4AD283FE-B7BE-44EB-B636-E0A9C06FDBEC}
		{FBDE32DE-F101-47D8-A54D-ECEEB2FF7631} = {4AD283FE-B7BE-44EB-B636-E0A9C06FDBEC}
		{0165AE9A-689A-4597-8D2D-862759F356EA} = {4AD283FE-B7BE-44EB-B636-E0A9C06FDBEC}
		{AC728F64-3275-4675-9FCB-3FBCADCEF326} = {ED1D3704-AC92-409C-B755-1F66830D3840}
		{1D52F11A-55C5-4A03-AC97-708295DFF1CE} = {AC728F64-3275-4675-9FCB-3FBCADCEF326}
		{E2BFBCD3-3001-457B-A541-EDDA92107DDA} = {AC728F64-3275-4675-9FCB-3FBCADCEF326}
		{94D69624-3861-4860-AA66-DE4F6076E8E2} = {AC728F64-3275-4675-9FCB-3FBCADCEF326}
		{9B5FF1B2-0B09-4B46-8232-ED76D474D575} = {AC728F64-3275-4675-9FCB-3FBCADCEF326}
	EndGlobalSection
	GlobalSection(ExtensibilityGlobals) = postSolution
		SolutionGuid = {1D45C274-AABE-44AA-BF89-9B82CED870A4}
	EndGlobalSection
EndGlobal
