
Microsoft Visual Studio Solution File, Format Version 12.00
# Visual Studio Version 17
VisualStudioVersion = 17.8.34322.80
MinimumVisualStudioVersion = 10.0.40219.1
Project("{9A19103F-16F7-4668-BE54-9A1E7A4F7556}") = "Model", "Model\Model.csproj", "{06A3F5CB-ADDE-4452-8816-D5676ECD983C}"
EndProject
Project("{9A19103F-16F7-4668-BE54-9A1E7A4F7556}") = "Presenter", "Presenter\Presenter.csproj", "{8A18128F-5CCA-418B-81B7-3B51E32B3EBD}"
EndProject
Project("{9A19103F-16F7-4668-BE54-9A1E7A4F7556}") = "View1", "View1\View1.csproj", "{35E5F121-F8D4-40DF-A64E-A279697976D5}"
EndProject
Global
	GlobalSection(SolutionConfigurationPlatforms) = preSolution
		Debug|Any CPU = Debug|Any CPU
		Release|Any CPU = Release|Any CPU
	EndGlobalSection
	GlobalSection(ProjectConfigurationPlatforms) = postSolution
		{06A3F5CB-ADDE-4452-8816-D5676ECD983C}.Debug|Any CPU.ActiveCfg = Debug|Any CPU
		{06A3F5CB-ADDE-4452-8816-D5676ECD983C}.Debug|Any CPU.Build.0 = Debug|Any CPU
		{06A3F5CB-ADDE-4452-8816-D5676ECD983C}.Release|Any CPU.ActiveCfg = Release|Any CPU
		{06A3F5CB-ADDE-4452-8816-D5676ECD983C}.Release|Any CPU.Build.0 = Release|Any CPU
		{8A18128F-5CCA-418B-81B7-3B51E32B3EBD}.Debug|Any CPU.ActiveCfg = Debug|Any CPU
		{8A18128F-5CCA-418B-81B7-3B51E32B3EBD}.Debug|Any CPU.Build.0 = Debug|Any CPU
		{8A18128F-5CCA-418B-81B7-3B51E32B3EBD}.Release|Any CPU.ActiveCfg = Release|Any CPU
		{8A18128F-5CCA-418B-81B7-3B51E32B3EBD}.Release|Any CPU.Build.0 = Release|Any CPU
		{35E5F121-F8D4-40DF-A64E-A279697976D5}.Debug|Any CPU.ActiveCfg = Debug|Any CPU
		{35E5F121-F8D4-40DF-A64E-A279697976D5}.Debug|Any CPU.Build.0 = Debug|Any CPU
		{35E5F121-F8D4-40DF-A64E-A279697976D5}.Release|Any CPU.ActiveCfg = Release|Any CPU
		{35E5F121-F8D4-40DF-A64E-A279697976D5}.Release|Any CPU.Build.0 = Release|Any CPU
	EndGlobalSection
	GlobalSection(SolutionProperties) = preSolution
		HideSolutionNode = FALSE
	EndGlobalSection
	GlobalSection(ExtensibilityGlobals) = postSolution
		SolutionGuid = {3ABA8A56-D2D7-4B42-89A4-88DDAF3B04B4}
	EndGlobalSection
EndGlobal
